
Microsoft Visual Studio Solution File, Format Version 12.00
# Visual Studio Version 17
VisualStudioVersion = 17.6.33829.357
MinimumVisualStudioVersion = 10.0.40219.1
Project("{2150E333-8FDC-42A3-9474-1A3956D46DE8}") = "src", "src", "{287D2760-A7A6-4BD3-8FB8-8942466F0B77}"
EndProject
Project("{2150E333-8FDC-42A3-9474-1A3956D46DE8}") = "Building Blocks", "Building Blocks", "{0C5B562D-3976-4337-AF06-16514B362760}"
EndProject
Project("{2150E333-8FDC-42A3-9474-1A3956D46DE8}") = "Services", "Services", "{F66FB295-C5A5-452D-87B6-8126ECBB4263}"
EndProject
Project("{2150E333-8FDC-42A3-9474-1A3956D46DE8}") = "Web", "Web", "{5800392F-A813-436C-A97E-285F10C083D2}"
EndProject
Project("{2150E333-8FDC-42A3-9474-1A3956D46DE8}") = "Identidade", "Identidade", "{D7D26D7E-F698-40ED-8419-0F3C4649EECD}"
EndProject
Project("{FAE04EC0-301F-11D3-BF4B-00C04F79EFBC}") = "NSE.Identidade.API", "src\services\NSE.Identidade.API\NSE.Identidade.API.csproj", "{B5689815-4245-4C93-A6D8-82B4C7596575}"
EndProject
Project("{2150E333-8FDC-42A3-9474-1A3956D46DE8}") = "MVC", "MVC", "{F711F019-C3F4-45EA-B88A-89A2D58B8CC1}"
EndProject
Project("{FAE04EC0-301F-11D3-BF4B-00C04F79EFBC}") = "NSE.WebApp.MVC", "src\web\NSE.WebApp.MVC\NSE.WebApp.MVC.csproj", "{4C771707-F12C-4525-B388-02AC89253566}"
EndProject
Project("{2150E333-8FDC-42A3-9474-1A3956D46DE8}") = "Core", "Core", "{394392C5-48D5-496C-8310-AB7C40BA3559}"
EndProject
Project("{FAE04EC0-301F-11D3-BF4B-00C04F79EFBC}") = "NSE.Core", "src\building-blocks\NSE.Core\NSE.Core.csproj", "{82D2553F-4D83-4866-871D-A3F7A2937B74}"
EndProject
Project("{2150E333-8FDC-42A3-9474-1A3956D46DE8}") = "Carrinho", "Carrinho", "{80AAD2F7-864F-4620-8128-45A2CCF75C84}"
EndProject
Project("{2150E333-8FDC-42A3-9474-1A3956D46DE8}") = "Cliente", "Cliente", "{3C4C8998-4FF2-4559-80A8-A0415F04FB1D}"
EndProject
Project("{2150E333-8FDC-42A3-9474-1A3956D46DE8}") = "Catalogo", "Catalogo", "{19260812-B8CA-46DA-9C88-189492288D98}"
EndProject
Project("{2150E333-8FDC-42A3-9474-1A3956D46DE8}") = "Pagamento", "Pagamento", "{A20B447F-794F-4F8A-8DFA-2B1DBE78B1EC}"
EndProject
Project("{2150E333-8FDC-42A3-9474-1A3956D46DE8}") = "Pedido", "Pedido", "{4E902481-9094-4988-A3ED-FA12A53976A6}"
EndProject
Project("{FAE04EC0-301F-11D3-BF4B-00C04F79EFBC}") = "NSE.Carrinho.API", "src\services\NSE.Carrinho.API\NSE.Carrinho.API.csproj", "{FC7A076A-3C69-4AB6-9BF8-EE5BD241C0AC}"
EndProject
Project("{FAE04EC0-301F-11D3-BF4B-00C04F79EFBC}") = "NSE.Catalogo.API", "src\services\NSE.Catalogo.API\NSE.Catalogo.API.csproj", "{2D385722-36B1-4931-BD2A-E861E35DC02D}"
EndProject
Project("{FAE04EC0-301F-11D3-BF4B-00C04F79EFBC}") = "NSE.Cliente.API", "src\services\NSE.Cliente.API\NSE.Cliente.API.csproj", "{CD671A92-6CB2-4477-8621-0B913E9AD7F7}"
EndProject
Project("{FAE04EC0-301F-11D3-BF4B-00C04F79EFBC}") = "NSE.Pagamento.API", "src\services\NSE.Pagamento.API\NSE.Pagamento.API.csproj", "{B69A4DB3-C970-4CEE-BC24-CBD2C33529CC}"
EndProject
Project("{FAE04EC0-301F-11D3-BF4B-00C04F79EFBC}") = "NSE.Pedido.API", "src\services\NSE.Pedido.API\NSE.Pedido.API.csproj", "{3574A6E3-BC3F-4E52-ACBA-663C438AFCFF}"
EndProject
Global
	GlobalSection(SolutionConfigurationPlatforms) = preSolution
		Debug|Any CPU = Debug|Any CPU
		Release|Any CPU = Release|Any CPU
	EndGlobalSection
	GlobalSection(ProjectConfigurationPlatforms) = postSolution
		{B5689815-4245-4C93-A6D8-82B4C7596575}.Debug|Any CPU.ActiveCfg = Debug|Any CPU
		{B5689815-4245-4C93-A6D8-82B4C7596575}.Debug|Any CPU.Build.0 = Debug|Any CPU
		{B5689815-4245-4C93-A6D8-82B4C7596575}.Release|Any CPU.ActiveCfg = Release|Any CPU
		{B5689815-4245-4C93-A6D8-82B4C7596575}.Release|Any CPU.Build.0 = Release|Any CPU
		{4C771707-F12C-4525-B388-02AC89253566}.Debug|Any CPU.ActiveCfg = Debug|Any CPU
		{4C771707-F12C-4525-B388-02AC89253566}.Debug|Any CPU.Build.0 = Debug|Any CPU
		{4C771707-F12C-4525-B388-02AC89253566}.Release|Any CPU.ActiveCfg = Release|Any CPU
		{4C771707-F12C-4525-B388-02AC89253566}.Release|Any CPU.Build.0 = Release|Any CPU
		{82D2553F-4D83-4866-871D-A3F7A2937B74}.Debug|Any CPU.ActiveCfg = Debug|Any CPU
		{82D2553F-4D83-4866-871D-A3F7A2937B74}.Debug|Any CPU.Build.0 = Debug|Any CPU
		{82D2553F-4D83-4866-871D-A3F7A2937B74}.Release|Any CPU.ActiveCfg = Release|Any CPU
		{82D2553F-4D83-4866-871D-A3F7A2937B74}.Release|Any CPU.Build.0 = Release|Any CPU
		{FC7A076A-3C69-4AB6-9BF8-EE5BD241C0AC}.Debug|Any CPU.ActiveCfg = Debug|Any CPU
		{FC7A076A-3C69-4AB6-9BF8-EE5BD241C0AC}.Debug|Any CPU.Build.0 = Debug|Any CPU
		{FC7A076A-3C69-4AB6-9BF8-EE5BD241C0AC}.Release|Any CPU.ActiveCfg = Release|Any CPU
		{FC7A076A-3C69-4AB6-9BF8-EE5BD241C0AC}.Release|Any CPU.Build.0 = Release|Any CPU
		{2D385722-36B1-4931-BD2A-E861E35DC02D}.Debug|Any CPU.ActiveCfg = Debug|Any CPU
		{2D385722-36B1-4931-BD2A-E861E35DC02D}.Debug|Any CPU.Build.0 = Debug|Any CPU
		{2D385722-36B1-4931-BD2A-E861E35DC02D}.Release|Any CPU.ActiveCfg = Release|Any CPU
		{2D385722-36B1-4931-BD2A-E861E35DC02D}.Release|Any CPU.Build.0 = Release|Any CPU
		{CD671A92-6CB2-4477-8621-0B913E9AD7F7}.Debug|Any CPU.ActiveCfg = Debug|Any CPU
		{CD671A92-6CB2-4477-8621-0B913E9AD7F7}.Debug|Any CPU.Build.0 = Debug|Any CPU
		{CD671A92-6CB2-4477-8621-0B913E9AD7F7}.Release|Any CPU.ActiveCfg = Release|Any CPU
		{CD671A92-6CB2-4477-8621-0B913E9AD7F7}.Release|Any CPU.Build.0 = Release|Any CPU
		{B69A4DB3-C970-4CEE-BC24-CBD2C33529CC}.Debug|Any CPU.ActiveCfg = Debug|Any CPU
		{B69A4DB3-C970-4CEE-BC24-CBD2C33529CC}.Debug|Any CPU.Build.0 = Debug|Any CPU
		{B69A4DB3-C970-4CEE-BC24-CBD2C33529CC}.Release|Any CPU.ActiveCfg = Release|Any CPU
		{B69A4DB3-C970-4CEE-BC24-CBD2C33529CC}.Release|Any CPU.Build.0 = Release|Any CPU
		{3574A6E3-BC3F-4E52-ACBA-663C438AFCFF}.Debug|Any CPU.ActiveCfg = Debug|Any CPU
		{3574A6E3-BC3F-4E52-ACBA-663C438AFCFF}.Debug|Any CPU.Build.0 = Debug|Any CPU
		{3574A6E3-BC3F-4E52-ACBA-663C438AFCFF}.Release|Any CPU.ActiveCfg = Release|Any CPU
		{3574A6E3-BC3F-4E52-ACBA-663C438AFCFF}.Release|Any CPU.Build.0 = Release|Any CPU
	EndGlobalSection
	GlobalSection(SolutionProperties) = preSolution
		HideSolutionNode = FALSE
	EndGlobalSection
	GlobalSection(NestedProjects) = preSolution
		{0C5B562D-3976-4337-AF06-16514B362760} = {287D2760-A7A6-4BD3-8FB8-8942466F0B77}
		{F66FB295-C5A5-452D-87B6-8126ECBB4263} = {287D2760-A7A6-4BD3-8FB8-8942466F0B77}
		{5800392F-A813-436C-A97E-285F10C083D2} = {287D2760-A7A6-4BD3-8FB8-8942466F0B77}
		{D7D26D7E-F698-40ED-8419-0F3C4649EECD} = {F66FB295-C5A5-452D-87B6-8126ECBB4263}
		{B5689815-4245-4C93-A6D8-82B4C7596575} = {D7D26D7E-F698-40ED-8419-0F3C4649EECD}
		{F711F019-C3F4-45EA-B88A-89A2D58B8CC1} = {5800392F-A813-436C-A97E-285F10C083D2}
		{4C771707-F12C-4525-B388-02AC89253566} = {F711F019-C3F4-45EA-B88A-89A2D58B8CC1}
		{394392C5-48D5-496C-8310-AB7C40BA3559} = {0C5B562D-3976-4337-AF06-16514B362760}
		{82D2553F-4D83-4866-871D-A3F7A2937B74} = {394392C5-48D5-496C-8310-AB7C40BA3559}
		{80AAD2F7-864F-4620-8128-45A2CCF75C84} = {F66FB295-C5A5-452D-87B6-8126ECBB4263}
		{3C4C8998-4FF2-4559-80A8-A0415F04FB1D} = {F66FB295-C5A5-452D-87B6-8126ECBB4263}
		{19260812-B8CA-46DA-9C88-189492288D98} = {F66FB295-C5A5-452D-87B6-8126ECBB4263}
		{A20B447F-794F-4F8A-8DFA-2B1DBE78B1EC} = {F66FB295-C5A5-452D-87B6-8126ECBB4263}
		{4E902481-9094-4988-A3ED-FA12A53976A6} = {F66FB295-C5A5-452D-87B6-8126ECBB4263}
		{FC7A076A-3C69-4AB6-9BF8-EE5BD241C0AC} = {80AAD2F7-864F-4620-8128-45A2CCF75C84}
		{2D385722-36B1-4931-BD2A-E861E35DC02D} = {19260812-B8CA-46DA-9C88-189492288D98}
		{CD671A92-6CB2-4477-8621-0B913E9AD7F7} = {3C4C8998-4FF2-4559-80A8-A0415F04FB1D}
		{B69A4DB3-C970-4CEE-BC24-CBD2C33529CC} = {A20B447F-794F-4F8A-8DFA-2B1DBE78B1EC}
		{3574A6E3-BC3F-4E52-ACBA-663C438AFCFF} = {4E902481-9094-4988-A3ED-FA12A53976A6}
	EndGlobalSection
	GlobalSection(ExtensibilityGlobals) = postSolution
		SolutionGuid = {68E77C95-3027-44DE-9CE0-02B379463251}
	EndGlobalSection
EndGlobal
